
Microsoft Visual Studio Solution File, Format Version 12.00
# Visual Studio 15
VisualStudioVersion = 15.0.28307.489
MinimumVisualStudioVersion = 10.0.40219.1
Project("{FAE04EC0-301F-11D3-BF4B-00C04F79EFBC}") = "ModEngineGUI", "ModEngineGUI\ModEngineGUI.csproj", "{AA828717-2AC1-4B31-B2C6-0BB3B1236475}"
EndProject
Project("{FAE04EC0-301F-11D3-BF4B-00C04F79EFBC}") = "SoulsFormats", "SoulsFormats\SoulsFormats.csproj", "{22C664BD-877B-44DF-8ECF-2808522469A8}"
EndProject
Global
	GlobalSection(SolutionConfigurationPlatforms) = preSolution
		Debug|Any CPU = Debug|Any CPU
		Release|Any CPU = Release|Any CPU
	EndGlobalSection
	GlobalSection(ProjectConfigurationPlatforms) = postSolution
		{AA828717-2AC1-4B31-B2C6-0BB3B1236475}.Debug|Any CPU.ActiveCfg = Debug|Any CPU
		{AA828717-2AC1-4B31-B2C6-0BB3B1236475}.Debug|Any CPU.Build.0 = Debug|Any CPU
		{AA828717-2AC1-4B31-B2C6-0BB3B1236475}.Release|Any CPU.ActiveCfg = Release|Any CPU
		{AA828717-2AC1-4B31-B2C6-0BB3B1236475}.Release|Any CPU.Build.0 = Release|Any CPU
		{22C664BD-877B-44DF-8ECF-2808522469A8}.Debug|Any CPU.ActiveCfg = Debug|Any CPU
		{22C664BD-877B-44DF-8ECF-2808522469A8}.Debug|Any CPU.Build.0 = Debug|Any CPU
		{22C664BD-877B-44DF-8ECF-2808522469A8}.Release|Any CPU.ActiveCfg = Release|Any CPU
		{22C664BD-877B-44DF-8ECF-2808522469A8}.Release|Any CPU.Build.0 = Release|Any CPU
	EndGlobalSection
	GlobalSection(SolutionProperties) = preSolution
		HideSolutionNode = FALSE
	EndGlobalSection
	GlobalSection(ExtensibilityGlobals) = postSolution
		SolutionGuid = {A8034DE9-750B-4848-93CB-E63C34BB7CE9}
	EndGlobalSection
EndGlobal
